
Microsoft Visual Studio Solution File, Format Version 12.00
# Visual Studio Version 17
VisualStudioVersion = 17.14.36623.8 d17.14
MinimumVisualStudioVersion = 10.0.40219.1
Project("{FAE04EC0-301F-11D3-BF4B-00C04F79EFBC}") = "MauiERP.UI", "MauiERP.UI\MauiERP.UI.csproj", "{5B3DF957-B16B-420B-BEFE-366F3C5C8EEF}"
EndProject
Global
	GlobalSection(SolutionConfigurationPlatforms) = preSolution
		Debug|Any CPU = Debug|Any CPU
		Release|Any CPU = Release|Any CPU
	EndGlobalSection
	GlobalSection(ProjectConfigurationPlatforms) = postSolution
		{5B3DF957-B16B-420B-BEFE-366F3C5C8EEF}.Debug|Any CPU.ActiveCfg = Debug|Any CPU
		{5B3DF957-B16B-420B-BEFE-366F3C5C8EEF}.Debug|Any CPU.Build.0 = Debug|Any CPU
		{5B3DF957-B16B-420B-BEFE-366F3C5C8EEF}.Release|Any CPU.ActiveCfg = Release|Any CPU
		{5B3DF957-B16B-420B-BEFE-366F3C5C8EEF}.Release|Any CPU.Build.0 = Release|Any CPU
	EndGlobalSection
	GlobalSection(SolutionProperties) = preSolution
		HideSolutionNode = FALSE
	EndGlobalSection
	GlobalSection(ExtensibilityGlobals) = postSolution
		SolutionGuid = {C4E987B5-27B1-44E9-8E1C-798463824261}
	EndGlobalSection
EndGlobal
